
Microsoft Visual Studio Solution File, Format Version 12.00
# Visual Studio Version 16
VisualStudioVersion = 16.0.29926.136
MinimumVisualStudioVersion = 10.0.40219.1
Project("{9A19103F-16F7-4668-BE54-9A1E7A4F7556}") = "Library.BL", "Library.BL\Library.BL.csproj", "{E256C859-D187-4B86-A73D-CE732C1766E1}"
EndProject
Project("{2150E333-8FDC-42A3-9474-1A3956D46DE8}") = "Tests", "Tests", "{6A32B538-117D-464C-A6D7-ACD48A06C196}"
EndProject
Project("{FAE04EC0-301F-11D3-BF4B-00C04F79EFBC}") = "Library.BLTest", "Tests\Library.BLTest\Library.BLTest.csproj", "{580F8D94-1AA5-494C-8B3C-FC89C927610E}"
EndProject
Global
	GlobalSection(SolutionConfigurationPlatforms) = preSolution
		Debug|Any CPU = Debug|Any CPU
		Release|Any CPU = Release|Any CPU
	EndGlobalSection
	GlobalSection(ProjectConfigurationPlatforms) = postSolution
		{E256C859-D187-4B86-A73D-CE732C1766E1}.Debug|Any CPU.ActiveCfg = Debug|Any CPU
		{E256C859-D187-4B86-A73D-CE732C1766E1}.Debug|Any CPU.Build.0 = Debug|Any CPU
		{E256C859-D187-4B86-A73D-CE732C1766E1}.Release|Any CPU.ActiveCfg = Release|Any CPU
		{E256C859-D187-4B86-A73D-CE732C1766E1}.Release|Any CPU.Build.0 = Release|Any CPU
		{580F8D94-1AA5-494C-8B3C-FC89C927610E}.Debug|Any CPU.ActiveCfg = Debug|Any CPU
		{580F8D94-1AA5-494C-8B3C-FC89C927610E}.Debug|Any CPU.Build.0 = Debug|Any CPU
		{580F8D94-1AA5-494C-8B3C-FC89C927610E}.Release|Any CPU.ActiveCfg = Release|Any CPU
		{580F8D94-1AA5-494C-8B3C-FC89C927610E}.Release|Any CPU.Build.0 = Release|Any CPU
	EndGlobalSection
	GlobalSection(SolutionProperties) = preSolution
		HideSolutionNode = FALSE
	EndGlobalSection
	GlobalSection(NestedProjects) = preSolution
		{580F8D94-1AA5-494C-8B3C-FC89C927610E} = {6A32B538-117D-464C-A6D7-ACD48A06C196}
	EndGlobalSection
	GlobalSection(ExtensibilityGlobals) = postSolution
		SolutionGuid = {E254EC4B-F8CC-49CF-A873-B5CB7FB9585F}
	EndGlobalSection
EndGlobal
